
Microsoft Visual Studio Solution File, Format Version 12.00
# Visual Studio Version 17
VisualStudioVersion = 17.8.34511.84
MinimumVisualStudioVersion = 10.0.40219.1
Project("{FAE04EC0-301F-11D3-BF4B-00C04F79EFBC}") = "ToDoApp", "ToDoApp.csproj", "{C095E648-7239-4057-8B6F-F2E9943A8E71}"
EndProject
Global
	GlobalSection(SolutionConfigurationPlatforms) = preSolution
		Debug|Any CPU = Debug|Any CPU
		Release|Any CPU = Release|Any CPU
	EndGlobalSection
	GlobalSection(ProjectConfigurationPlatforms) = postSolution
		{C095E648-7239-4057-8B6F-F2E9943A8E71}.Debug|Any CPU.ActiveCfg = Debug|Any CPU
		{C095E648-7239-4057-8B6F-F2E9943A8E71}.Debug|Any CPU.Build.0 = Debug|Any CPU
		{C095E648-7239-4057-8B6F-F2E9943A8E71}.Release|Any CPU.ActiveCfg = Release|Any CPU
		{C095E648-7239-4057-8B6F-F2E9943A8E71}.Release|Any CPU.Build.0 = Release|Any CPU
	EndGlobalSection
	GlobalSection(SolutionProperties) = preSolution
		HideSolutionNode = FALSE
	EndGlobalSection
	GlobalSection(ExtensibilityGlobals) = postSolution
		SolutionGuid = {653E49BB-BCB2-4E4F-819D-F58B76760373}
	EndGlobalSection
EndGlobal
